{
  "name": "npm-packages",
  "version": "1.0.0",
  "lockfileVersion": 2,
  "requires": true,
  "packages": {
    "": {
      "name": "npm-packages",
      "version": "1.0.0",
      "license": "ISC",
      "dependencies": {
        "npm-packages": "^0.0.1"
      }
    },
    "node_modules/cheerio-soupselect": {
      "version": "0.1.1",
      "resolved": "https://registry.npmjs.org/cheerio-soupselect/-/cheerio-soupselect-0.1.1.tgz",
      "integrity": "sha512-/Y6HCIerEIDYjOrPIZULglbJf7CjuCEpfXyXwL7mossQoSF53bP3hzUzXyL9qfRF0xT9Y+olYHPfRy43v89bjA==",
      "dependencies": {
        "htmlparser2": "2.x"
      },
      "engines": {
        "node": ">=0.2.0"
      }
    },
    "node_modules/cheerio-soupselect/node_modules/domelementtype": {
      "version": "1.3.1",
      "resolved": "https://registry.npmjs.org/domelementtype/-/domelementtype-1.3.1.tgz",
      "integrity": "sha512-BSKB+TSpMpFI/HOxCNr1O8aMOTZ8hT3pM3GQ0w/mWRmkhEDSFJkkyzz4XQsBV44BChwGkrDfMyjVD0eA2aFV3w=="
    },
    "node_modules/cheerio-soupselect/node_modules/domhandler": {
      "version": "2.0.3",
      "resolved": "https://registry.npmjs.org/domhandler/-/domhandler-2.0.3.tgz",
      "integrity": "sha512-D8+qeCUo6LpYvBZsmXWunDJ9zOD8mVg6EwZIdgxmnT+xGWRsReF/TwsZ5EzlIJDipxlE6qJh1dXt9oeplGN3Bg==",
      "dependencies": {
        "domelementtype": "1"
      }
    },
    "node_modules/cheerio-soupselect/node_modules/domutils": {
      "version": "1.0.1",
      "resolved": "https://registry.npmjs.org/domutils/-/domutils-1.0.1.tgz",
      "integrity": "sha512-EtnpDnVNvVaRBHmc5PV2lGHlgic4IjrYgS1f3U/M7CjihJIKfsJFvwj6JfAjr7f7wNDcloq3rOb08xAiL622gA==",
      "dependencies": {
        "domelementtype": "1"
      }
    },
    "node_modules/cheerio-soupselect/node_modules/htmlparser2": {
      "version": "2.6.0",
      "resolved": "https://registry.npmjs.org/htmlparser2/-/htmlparser2-2.6.0.tgz",
      "integrity": "sha512-oR9aps3hDZdU0whPlDjz4HdafpcZclpjrUOwPqDldr+WDubEnVerBNP8I0Wy0VIZO5Mxq/4yALDOYZTWf5Jtog==",
      "dependencies": {
        "domelementtype": "1",
        "domhandler": "2.0",
        "domutils": "1.0"
      }
    },
    "node_modules/curlrequest": {
      "version": "1.0.1",
      "resolved": "https://registry.npmjs.org/curlrequest/-/curlrequest-1.0.1.tgz",
      "integrity": "sha512-SUWXgCtSqkFOBUfyDZ2M6xZmYIxy+9PSO5hGD/TsOnyToXe6/uDFZMOzEY1SlGfMWbK7/pyheJ2UbiLQ/BUAsQ==",
      "engines": {
        "node": ">= 0.4.0"
      }
    },
    "node_modules/dom-serializer": {
      "version": "2.0.0",
      "resolved": "https://registry.npmjs.org/dom-serializer/-/dom-serializer-2.0.0.tgz",
      "integrity": "sha512-wIkAryiqt/nV5EQKqQpo3SToSOV9J0DnbJqwK7Wv/Trc92zIAYZ4FlMu+JPFW1DfGFt81ZTCGgDEabffXeLyJg==",
      "dependencies": {
        "domelementtype": "^2.3.0",
        "domhandler": "^5.0.2",
        "entities": "^4.2.0"
      },
      "funding": {
        "url": "https://github.com/cheeriojs/dom-serializer?sponsor=1"
      }
    },
    "node_modules/domelementtype": {
      "version": "2.3.0",
      "resolved": "https://registry.npmjs.org/domelementtype/-/domelementtype-2.3.0.tgz",
      "integrity": "sha512-OLETBj6w0OsagBwdXnPdN0cnMfF9opN69co+7ZrbfPGrdpPVNBUj02spi6B1N7wChLQiPn4CSH/zJvXw56gmHw==",
      "funding": [
        {
          "type": "github",
          "url": "https://github.com/sponsors/fb55"
        }
      ]
    },
    "node_modules/domhandler": {
      "version": "5.0.3",
      "resolved": "https://registry.npmjs.org/domhandler/-/domhandler-5.0.3.tgz",
      "integrity": "sha512-cgwlv/1iFQiFnU96XXgROh8xTeetsnJiDsTc7TYCLFd9+/WNkIqPTxiM/8pSd8VIrhXGTf1Ny1q1hquVqDJB5w==",
      "dependencies": {
        "domelementtype": "^2.3.0"
      },
      "engines": {
        "node": ">= 4"
      },
      "funding": {
        "url": "https://github.com/fb55/domhandler?sponsor=1"
      }
    },
    "node_modules/domutils": {
      "version": "3.1.0",
      "resolved": "https://registry.npmjs.org/domutils/-/domutils-3.1.0.tgz",
      "integrity": "sha512-H78uMmQtI2AhgDJjWeQmHwJJ2bLPD3GMmO7Zja/ZZh84wkm+4ut+IUnUdRa8uCGX88DiVx1j6FRe1XfxEgjEZA==",
      "dependencies": {
        "dom-serializer": "^2.0.0",
        "domelementtype": "^2.3.0",
        "domhandler": "^5.0.3"
      },
      "funding": {
        "url": "https://github.com/fb55/domutils?sponsor=1"
      }
    },
    "node_modules/entities": {
      "version": "4.5.0",
      "resolved": "https://registry.npmjs.org/entities/-/entities-4.5.0.tgz",
      "integrity": "sha512-V0hjH4dGPh9Ao5p0MoRY6BVqtwCjhz6vI5LT8AJ55H+4g9/4vbHx1I54fS0XuclLhDHArPQCiMjDxjaL8fPxhw==",
      "engines": {
        "node": ">=0.12"
      },
      "funding": {
        "url": "https://github.com/fb55/entities?sponsor=1"
      }
    },
    "node_modules/htmlparser2": {
      "version": "9.0.0",
      "resolved": "https://registry.npmjs.org/htmlparser2/-/htmlparser2-9.0.0.tgz",
      "integrity": "sha512-uxbSI98wmFT/G4P2zXx4OVx04qWUmyFPrD2/CNepa2Zo3GPNaCaaxElDgwUrwYWkK1nr9fft0Ya8dws8coDLLQ==",
      "funding": [
        "https://github.com/fb55/htmlparser2?sponsor=1",
        {
          "type": "github",
          "url": "https://github.com/sponsors/fb55"
        }
      ],
      "dependencies": {
        "domelementtype": "^2.3.0",
        "domhandler": "^5.0.3",
        "domutils": "^3.1.0",
        "entities": "^4.5.0"
      }
    },
    "node_modules/npm-packages": {
      "version": "0.0.1",
      "resolved": "https://registry.npmjs.org/npm-packages/-/npm-packages-0.0.1.tgz",
      "integrity": "sha512-H8JfmbXuBNt1RgS2Xb6cr/zqeCK4T6CSI2KWvHkVNbo24LvDZ8qSpmyoit+7SZtw2R+LuvlnY/7IFj+ZKewWHg==",
      "dependencies": {
        "scrape": "~0.2.3",
        "when": "~2.6.0"
      }
    },
    "node_modules/scrape": {
      "version": "0.2.3",
      "resolved": "https://registry.npmjs.org/scrape/-/scrape-0.2.3.tgz",
      "integrity": "sha512-HPo3GZbuTCPcHHUPAndwaYrYUm3GQE/JLpHzyXYo2lGl8NBm2vYuHuoxWx0XNn2u/sffQ+yUwT2+OXBBNf6xIw==",
      "dependencies": {
        "cheerio-soupselect": "*",
        "curlrequest": ">= 0.2.7",
        "htmlparser2": "*"
      },
      "engines": {
        "node": ">= 0.6.0"
      }
    },
    "node_modules/when": {
      "version": "2.6.0",
      "resolved": "https://registry.npmjs.org/when/-/when-2.6.0.tgz",
      "integrity": "sha512-e+maLwrsRMX3CBJsi3/zhkBm00obkwE9Lc6ZQSASMHtIHxuuUZjsqbn+WfVOEZMPWW3thc+Y6RKQ9eymYgyNKQ=="
    }
  },
  "dependencies": {
    "cheerio-soupselect": {
      "version": "0.1.1",
      "resolved": "https://registry.npmjs.org/cheerio-soupselect/-/cheerio-soupselect-0.1.1.tgz",
      "integrity": "sha512-/Y6HCIerEIDYjOrPIZULglbJf7CjuCEpfXyXwL7mossQoSF53bP3hzUzXyL9qfRF0xT9Y+olYHPfRy43v89bjA==",
      "requires": {
        "htmlparser2": "2.x"
      },
      "dependencies": {
        "domelementtype": {
          "version": "1.3.1",
          "resolved": "https://registry.npmjs.org/domelementtype/-/domelementtype-1.3.1.tgz",
          "integrity": "sha512-BSKB+TSpMpFI/HOxCNr1O8aMOTZ8hT3pM3GQ0w/mWRmkhEDSFJkkyzz4XQsBV44BChwGkrDfMyjVD0eA2aFV3w=="
        },
        "domhandler": {
          "version": "2.0.3",
          "resolved": "https://registry.npmjs.org/domhandler/-/domhandler-2.0.3.tgz",
          "integrity": "sha512-D8+qeCUo6LpYvBZsmXWunDJ9zOD8mVg6EwZIdgxmnT+xGWRsReF/TwsZ5EzlIJDipxlE6qJh1dXt9oeplGN3Bg==",
          "requires": {
            "domelementtype": "1"
          }
        },
        "domutils": {
          "version": "1.0.1",
          "resolved": "https://registry.npmjs.org/domutils/-/domutils-1.0.1.tgz",
          "integrity": "sha512-EtnpDnVNvVaRBHmc5PV2lGHlgic4IjrYgS1f3U/M7CjihJIKfsJFvwj6JfAjr7f7wNDcloq3rOb08xAiL622gA==",
          "requires": {
            "domelementtype": "1"
          }
        },
        "htmlparser2": {
          "version": "2.6.0",
          "resolved": "https://registry.npmjs.org/htmlparser2/-/htmlparser2-2.6.0.tgz",
          "integrity": "sha512-oR9aps3hDZdU0whPlDjz4HdafpcZclpjrUOwPqDldr+WDubEnVerBNP8I0Wy0VIZO5Mxq/4yALDOYZTWf5Jtog==",
          "requires": {
            "domelementtype": "1",
            "domhandler": "2.0",
            "domutils": "1.0"
          }
        }
      }
    },
    "curlrequest": {
      "version": "1.0.1",
      "resolved": "https://registry.npmjs.org/curlrequest/-/curlrequest-1.0.1.tgz",
      "integrity": "sha512-SUWXgCtSqkFOBUfyDZ2M6xZmYIxy+9PSO5hGD/TsOnyToXe6/uDFZMOzEY1SlGfMWbK7/pyheJ2UbiLQ/BUAsQ=="
    },
    "dom-serializer": {
      "version": "2.0.0",
      "resolved": "https://registry.npmjs.org/dom-serializer/-/dom-serializer-2.0.0.tgz",
      "integrity": "sha512-wIkAryiqt/nV5EQKqQpo3SToSOV9J0DnbJqwK7Wv/Trc92zIAYZ4FlMu+JPFW1DfGFt81ZTCGgDEabffXeLyJg==",
      "requires": {
        "domelementtype": "^2.3.0",
        "domhandler": "^5.0.2",
        "entities": "^4.2.0"
      }
    },
    "domelementtype": {
      "version": "2.3.0",
      "resolved": "https://registry.npmjs.org/domelementtype/-/domelementtype-2.3.0.tgz",
      "integrity": "sha512-OLETBj6w0OsagBwdXnPdN0cnMfF9opN69co+7ZrbfPGrdpPVNBUj02spi6B1N7wChLQiPn4CSH/zJvXw56gmHw=="
    },
    "domhandler": {
      "version": "5.0.3",
      "resolved": "https://registry.npmjs.org/domhandler/-/domhandler-5.0.3.tgz",
      "integrity": "sha512-cgwlv/1iFQiFnU96XXgROh8xTeetsnJiDsTc7TYCLFd9+/WNkIqPTxiM/8pSd8VIrhXGTf1Ny1q1hquVqDJB5w==",
      "requires": {
        "domelementtype": "^2.3.0"
      }
    },
    "domutils": {
      "version": "3.1.0",
      "resolved": "https://registry.npmjs.org/domutils/-/domutils-3.1.0.tgz",
      "integrity": "sha512-H78uMmQtI2AhgDJjWeQmHwJJ2bLPD3GMmO7Zja/ZZh84wkm+4ut+IUnUdRa8uCGX88DiVx1j6FRe1XfxEgjEZA==",
      "requires": {
        "dom-serializer": "^2.0.0",
        "domelementtype": "^2.3.0",
        "domhandler": "^5.0.3"
      }
    },
    "entities": {
      "version": "4.5.0",
      "resolved": "https://registry.npmjs.org/entities/-/entities-4.5.0.tgz",
      "integrity": "sha512-V0hjH4dGPh9Ao5p0MoRY6BVqtwCjhz6vI5LT8AJ55H+4g9/4vbHx1I54fS0XuclLhDHArPQCiMjDxjaL8fPxhw=="
    },
    "htmlparser2": {
      "version": "9.0.0",
      "resolved": "https://registry.npmjs.org/htmlparser2/-/htmlparser2-9.0.0.tgz",
      "integrity": "sha512-uxbSI98wmFT/G4P2zXx4OVx04qWUmyFPrD2/CNepa2Zo3GPNaCaaxElDgwUrwYWkK1nr9fft0Ya8dws8coDLLQ==",
      "requires": {
        "domelementtype": "^2.3.0",
        "domhandler": "^5.0.3",
        "domutils": "^3.1.0",
        "entities": "^4.5.0"
      }
    },
    "npm-packages": {
      "version": "0.0.1",
      "resolved": "https://registry.npmjs.org/npm-packages/-/npm-packages-0.0.1.tgz",
      "integrity": "sha512-H8JfmbXuBNt1RgS2Xb6cr/zqeCK4T6CSI2KWvHkVNbo24LvDZ8qSpmyoit+7SZtw2R+LuvlnY/7IFj+ZKewWHg==",
      "requires": {
        "scrape": "~0.2.3",
        "when": "~2.6.0"
      }
    },
    "scrape": {
      "version": "0.2.3",
      "resolved": "https://registry.npmjs.org/scrape/-/scrape-0.2.3.tgz",
      "integrity": "sha512-HPo3GZbuTCPcHHUPAndwaYrYUm3GQE/JLpHzyXYo2lGl8NBm2vYuHuoxWx0XNn2u/sffQ+yUwT2+OXBBNf6xIw==",
      "requires": {
        "cheerio-soupselect": "*",
        "curlrequest": ">= 0.2.7",
        "htmlparser2": "*"
      }
    },
    "when": {
      "version": "2.6.0",
      "resolved": "https://registry.npmjs.org/when/-/when-2.6.0.tgz",
      "integrity": "sha512-e+maLwrsRMX3CBJsi3/zhkBm00obkwE9Lc6ZQSASMHtIHxuuUZjsqbn+WfVOEZMPWW3thc+Y6RKQ9eymYgyNKQ=="
    }
  }
}
